// !$*UTF8*$!
{
	archiveVersion = 1;
	classes = {
	};
	objectVersion = 56;
	objects = {

/* Begin PBXBuildFile section */
		516D695D2B6E8000008FD1B3 /* CryptoCoinsApp.swift in Sources */ = {isa = PBXBuildFile; fileRef = 516D695C2B6E8000008FD1B3 /* CryptoCoinsApp.swift */; };
		516D695F2B6E8000008FD1B3 /* CryptoCoinsView.swift in Sources */ = {isa = PBXBuildFile; fileRef = 516D695E2B6E8000008FD1B3 /* CryptoCoinsView.swift */; };
		516D69612B6E8001008FD1B3 /* Assets.xcassets in Resources */ = {isa = PBXBuildFile; fileRef = 516D69602B6E8001008FD1B3 /* Assets.xcassets */; };
		516D69642B6E8001008FD1B3 /* Preview Assets.xcassets in Resources */ = {isa = PBXBuildFile; fileRef = 516D69632B6E8001008FD1B3 /* Preview Assets.xcassets */; };
		516D696E2B6E8001008FD1B3 /* CrptoCoinsTests.swift in Sources */ = {isa = PBXBuildFile; fileRef = 516D696D2B6E8001008FD1B3 /* CrptoCoinsTests.swift */; };
		516D69782B6E8001008FD1B3 /* CrptoCoinsUITests.swift in Sources */ = {isa = PBXBuildFile; fileRef = 516D69772B6E8001008FD1B3 /* CrptoCoinsUITests.swift */; };
		516D697A2B6E8001008FD1B3 /* CrptoCoinsUITestsLaunchTests.swift in Sources */ = {isa = PBXBuildFile; fileRef = 516D69792B6E8001008FD1B3 /* CrptoCoinsUITestsLaunchTests.swift */; };
		516D69872B6EC5EA008FD1B3 /* CoinViewModel.swift in Sources */ = {isa = PBXBuildFile; fileRef = 516D69862B6EC5EA008FD1B3 /* CoinViewModel.swift */; };
		516D69892B6EC7D5008FD1B3 /* CoinView.swift in Sources */ = {isa = PBXBuildFile; fileRef = 516D69882B6EC7D5008FD1B3 /* CoinView.swift */; };
		516D698B2B6EC85C008FD1B3 /* NetworkManager.swift in Sources */ = {isa = PBXBuildFile; fileRef = 516D698A2B6EC85C008FD1B3 /* NetworkManager.swift */; };
		516D698D2B6EC890008FD1B3 /* Model.swift in Sources */ = {isa = PBXBuildFile; fileRef = 516D698C2B6EC890008FD1B3 /* Model.swift */; };
		516D698F2B6EC9A8008FD1B3 /* CryptoViewModel.swift in Sources */ = {isa = PBXBuildFile; fileRef = 516D698E2B6EC9A8008FD1B3 /* CryptoViewModel.swift */; };
		51970C4A2B6F9043000881B4 /* TagsListingView.swift in Sources */ = {isa = PBXBuildFile; fileRef = 51970C492B6F9043000881B4 /* TagsListingView.swift */; };
		51970C4C2B6F9427000881B4 /* TagLayout.swift in Sources */ = {isa = PBXBuildFile; fileRef = 51970C4B2B6F9427000881B4 /* TagLayout.swift */; };
		51970C4E2B6FC9FE000881B4 /* Extensions.swift in Sources */ = {isa = PBXBuildFile; fileRef = 51970C4D2B6FC9FE000881B4 /* Extensions.swift */; };
/* End PBXBuildFile section */

/* Begin PBXContainerItemProxy section */
		516D696A2B6E8001008FD1B3 /* PBXContainerItemProxy */ = {
			isa = PBXContainerItemProxy;
			containerPortal = 516D69512B6E8000008FD1B3 /* Project object */;
			proxyType = 1;
			remoteGlobalIDString = 516D69582B6E8000008FD1B3;
			remoteInfo = CrptoCoins;
		};
		516D69742B6E8001008FD1B3 /* PBXContainerItemProxy */ = {
			isa = PBXContainerItemProxy;
			containerPortal = 516D69512B6E8000008FD1B3 /* Project object */;
			proxyType = 1;
			remoteGlobalIDString = 516D69582B6E8000008FD1B3;
			remoteInfo = CrptoCoins;
		};
/* End PBXContainerItemProxy section */

/* Begin PBXFileReference section */
		516D69592B6E8000008FD1B3 /* CryptoCoins.app */ = {isa = PBXFileReference; explicitFileType = wrapper.application; includeInIndex = 0; path = CryptoCoins.app; sourceTree = BUILT_PRODUCTS_DIR; };
		516D695C2B6E8000008FD1B3 /* CryptoCoinsApp.swift */ = {isa = PBXFileReference; lastKnownFileType = sourcecode.swift; path = CryptoCoinsApp.swift; sourceTree = "<group>"; };
		516D695E2B6E8000008FD1B3 /* CryptoCoinsView.swift */ = {isa = PBXFileReference; lastKnownFileType = sourcecode.swift; path = CryptoCoinsView.swift; sourceTree = "<group>"; };
		516D69602B6E8001008FD1B3 /* Assets.xcassets */ = {isa = PBXFileReference; lastKnownFileType = folder.assetcatalog; path = Assets.xcassets; sourceTree = "<group>"; };
		516D69632B6E8001008FD1B3 /* Preview Assets.xcassets */ = {isa = PBXFileReference; lastKnownFileType = folder.assetcatalog; path = "Preview Assets.xcassets"; sourceTree = "<group>"; };
		516D69692B6E8001008FD1B3 /* CryptoCoinsTests.xctest */ = {isa = PBXFileReference; explicitFileType = wrapper.cfbundle; includeInIndex = 0; path = CryptoCoinsTests.xctest; sourceTree = BUILT_PRODUCTS_DIR; };
		516D696D2B6E8001008FD1B3 /* CrptoCoinsTests.swift */ = {isa = PBXFileReference; lastKnownFileType = sourcecode.swift; path = CrptoCoinsTests.swift; sourceTree = "<group>"; };
		516D69732B6E8001008FD1B3 /* CryptoCoinsUITests.xctest */ = {isa = PBXFileReference; explicitFileType = wrapper.cfbundle; includeInIndex = 0; path = CryptoCoinsUITests.xctest; sourceTree = BUILT_PRODUCTS_DIR; };
		516D69772B6E8001008FD1B3 /* CrptoCoinsUITests.swift */ = {isa = PBXFileReference; lastKnownFileType = sourcecode.swift; path = CrptoCoinsUITests.swift; sourceTree = "<group>"; };
		516D69792B6E8001008FD1B3 /* CrptoCoinsUITestsLaunchTests.swift */ = {isa = PBXFileReference; lastKnownFileType = sourcecode.swift; path = CrptoCoinsUITestsLaunchTests.swift; sourceTree = "<group>"; };
		516D69862B6EC5EA008FD1B3 /* CoinViewModel.swift */ = {isa = PBXFileReference; lastKnownFileType = sourcecode.swift; path = CoinViewModel.swift; sourceTree = "<group>"; };
		516D69882B6EC7D5008FD1B3 /* CoinView.swift */ = {isa = PBXFileReference; lastKnownFileType = sourcecode.swift; path = CoinView.swift; sourceTree = "<group>"; };
		516D698A2B6EC85C008FD1B3 /* NetworkManager.swift */ = {isa = PBXFileReference; lastKnownFileType = sourcecode.swift; path = NetworkManager.swift; sourceTree = "<group>"; };
		516D698C2B6EC890008FD1B3 /* Model.swift */ = {isa = PBXFileReference; lastKnownFileType = sourcecode.swift; path = Model.swift; sourceTree = "<group>"; };
		516D698E2B6EC9A8008FD1B3 /* CryptoViewModel.swift */ = {isa = PBXFileReference; lastKnownFileType = sourcecode.swift; path = CryptoViewModel.swift; sourceTree = "<group>"; };
		51970C492B6F9043000881B4 /* TagsListingView.swift */ = {isa = PBXFileReference; lastKnownFileType = sourcecode.swift; path = TagsListingView.swift; sourceTree = "<group>"; };
		51970C4B2B6F9427000881B4 /* TagLayout.swift */ = {isa = PBXFileReference; lastKnownFileType = sourcecode.swift; path = TagLayout.swift; sourceTree = "<group>"; };
		51970C4D2B6FC9FE000881B4 /* Extensions.swift */ = {isa = PBXFileReference; lastKnownFileType = sourcecode.swift; path = Extensions.swift; sourceTree = "<group>"; };
/* End PBXFileReference section */

/* Begin PBXFrameworksBuildPhase section */
		516D69562B6E8000008FD1B3 /* Frameworks */ = {
			isa = PBXFrameworksBuildPhase;
			buildActionMask = 2147483647;
			files = (
			);
			runOnlyForDeploymentPostprocessing = 0;
		};
		516D69662B6E8001008FD1B3 /* Frameworks */ = {
			isa = PBXFrameworksBuildPhase;
			buildActionMask = 2147483647;
			files = (
			);
			runOnlyForDeploymentPostprocessing = 0;
		};
		516D69702B6E8001008FD1B3 /* Frameworks */ = {
			isa = PBXFrameworksBuildPhase;
			buildActionMask = 2147483647;
			files = (
			);
			runOnlyForDeploymentPostprocessing = 0;
		};
/* End PBXFrameworksBuildPhase section */

/* Begin PBXGroup section */
		516D69502B6E8000008FD1B3 = {
			isa = PBXGroup;
			children = (
				516D695B2B6E8000008FD1B3 /* CrptoCoins */,
				516D696C2B6E8001008FD1B3 /* CrptoCoinsTests */,
				516D69762B6E8001008FD1B3 /* CrptoCoinsUITests */,
				516D695A2B6E8000008FD1B3 /* Products */,
			);
			sourceTree = "<group>";
		};
		516D695A2B6E8000008FD1B3 /* Products */ = {
			isa = PBXGroup;
			children = (
				516D69592B6E8000008FD1B3 /* CryptoCoins.app */,
				516D69692B6E8001008FD1B3 /* CryptoCoinsTests.xctest */,
				516D69732B6E8001008FD1B3 /* CryptoCoinsUITests.xctest */,
			);
			name = Products;
			sourceTree = "<group>";
		};
		516D695B2B6E8000008FD1B3 /* CrptoCoins */ = {
			isa = PBXGroup;
			children = (
				516D695C2B6E8000008FD1B3 /* CryptoCoinsApp.swift */,
				516D695E2B6E8000008FD1B3 /* CryptoCoinsView.swift */,
				516D698E2B6EC9A8008FD1B3 /* CryptoViewModel.swift */,
				51970C502B6FD386000881B4 /* TagsView */,
				51970C4F2B6FD374000881B4 /* Coin */,
				516D698A2B6EC85C008FD1B3 /* NetworkManager.swift */,
				516D698C2B6EC890008FD1B3 /* Model.swift */,
				51970C4D2B6FC9FE000881B4 /* Extensions.swift */,
				516D69602B6E8001008FD1B3 /* Assets.xcassets */,
				516D69622B6E8001008FD1B3 /* Preview Content */,
			);
			path = CrptoCoins;
			sourceTree = "<group>";
		};
		516D69622B6E8001008FD1B3 /* Preview Content */ = {
			isa = PBXGroup;
			children = (
				516D69632B6E8001008FD1B3 /* Preview Assets.xcassets */,
			);
			path = "Preview Content";
			sourceTree = "<group>";
		};
		516D696C2B6E8001008FD1B3 /* CrptoCoinsTests */ = {
			isa = PBXGroup;
			children = (
				516D696D2B6E8001008FD1B3 /* CrptoCoinsTests.swift */,
			);
			path = CrptoCoinsTests;
			sourceTree = "<group>";
		};
		516D69762B6E8001008FD1B3 /* CrptoCoinsUITests */ = {
			isa = PBXGroup;
			children = (
				516D69772B6E8001008FD1B3 /* CrptoCoinsUITests.swift */,
				516D69792B6E8001008FD1B3 /* CrptoCoinsUITestsLaunchTests.swift */,
			);
			path = CrptoCoinsUITests;
			sourceTree = "<group>";
		};
		51970C4F2B6FD374000881B4 /* Coin */ = {
			isa = PBXGroup;
			children = (
				516D69862B6EC5EA008FD1B3 /* CoinViewModel.swift */,
				516D69882B6EC7D5008FD1B3 /* CoinView.swift */,
			);
			path = Coin;
			sourceTree = "<group>";
		};
		51970C502B6FD386000881B4 /* TagsView */ = {
			isa = PBXGroup;
			children = (
				51970C4B2B6F9427000881B4 /* TagLayout.swift */,
				51970C492B6F9043000881B4 /* TagsListingView.swift */,
			);
			path = TagsView;
			sourceTree = "<group>";
		};
/* End PBXGroup section */

/* Begin PBXNativeTarget section */
		516D69582B6E8000008FD1B3 /* CryptoCoins */ = {
			isa = PBXNativeTarget;
			buildConfigurationList = 516D697D2B6E8001008FD1B3 /* Build configuration list for PBXNativeTarget "CryptoCoins" */;
			buildPhases = (
				516D69552B6E8000008FD1B3 /* Sources */,
				516D69562B6E8000008FD1B3 /* Frameworks */,
				516D69572B6E8000008FD1B3 /* Resources */,
			);
			buildRules = (
			);
			dependencies = (
			);
			name = CryptoCoins;
			productName = CrptoCoins;
			productReference = 516D69592B6E8000008FD1B3 /* CryptoCoins.app */;
			productType = "com.apple.product-type.application";
		};
		516D69682B6E8001008FD1B3 /* CryptoCoinsTests */ = {
			isa = PBXNativeTarget;
			buildConfigurationList = 516D69802B6E8001008FD1B3 /* Build configuration list for PBXNativeTarget "CryptoCoinsTests" */;
			buildPhases = (
				516D69652B6E8001008FD1B3 /* Sources */,
				516D69662B6E8001008FD1B3 /* Frameworks */,
				516D69672B6E8001008FD1B3 /* Resources */,
			);
			buildRules = (
			);
			dependencies = (
				516D696B2B6E8001008FD1B3 /* PBXTargetDependency */,
			);
			name = CryptoCoinsTests;
			productName = CrptoCoinsTests;
			productReference = 516D69692B6E8001008FD1B3 /* CryptoCoinsTests.xctest */;
			productType = "com.apple.product-type.bundle.unit-test";
		};
		516D69722B6E8001008FD1B3 /* CryptoCoinsUITests */ = {
			isa = PBXNativeTarget;
			buildConfigurationList = 516D69832B6E8001008FD1B3 /* Build configuration list for PBXNativeTarget "CryptoCoinsUITests" */;
			buildPhases = (
				516D696F2B6E8001008FD1B3 /* Sources */,
				516D69702B6E8001008FD1B3 /* Frameworks */,
				516D69712B6E8001008FD1B3 /* Resources */,
			);
			buildRules = (
			);
			dependencies = (
				516D69752B6E8001008FD1B3 /* PBXTargetDependency */,
			);
			name = CryptoCoinsUITests;
			productName = CrptoCoinsUITests;
			productReference = 516D69732B6E8001008FD1B3 /* CryptoCoinsUITests.xctest */;
			productType = "com.apple.product-type.bundle.ui-testing";
		};
/* End PBXNativeTarget section */

/* Begin PBXProject section */
		516D69512B6E8000008FD1B3 /* Project object */ = {
			isa = PBXProject;
			attributes = {
				BuildIndependentTargetsInParallel = 1;
				LastSwiftUpdateCheck = 1520;
				LastUpgradeCheck = 1520;
				TargetAttributes = {
					516D69582B6E8000008FD1B3 = {
						CreatedOnToolsVersion = 15.2;
					};
					516D69682B6E8001008FD1B3 = {
						CreatedOnToolsVersion = 15.2;
						TestTargetID = 516D69582B6E8000008FD1B3;
					};
					516D69722B6E8001008FD1B3 = {
						CreatedOnToolsVersion = 15.2;
						TestTargetID = 516D69582B6E8000008FD1B3;
					};
				};
			};
			buildConfigurationList = 516D69542B6E8000008FD1B3 /* Build configuration list for PBXProject "CryptoCoins" */;
			compatibilityVersion = "Xcode 14.0";
			developmentRegion = en;
			hasScannedForEncodings = 0;
			knownRegions = (
				en,
				Base,
			);
			mainGroup = 516D69502B6E8000008FD1B3;
			productRefGroup = 516D695A2B6E8000008FD1B3 /* Products */;
			projectDirPath = "";
			projectRoot = "";
			targets = (
				516D69582B6E8000008FD1B3 /* CryptoCoins */,
				516D69682B6E8001008FD1B3 /* CryptoCoinsTests */,
				516D69722B6E8001008FD1B3 /* CryptoCoinsUITests */,
			);
		};
/* End PBXProject section */

/* Begin PBXResourcesBuildPhase section */
		516D69572B6E8000008FD1B3 /* Resources */ = {
			isa = PBXResourcesBuildPhase;
			buildActionMask = 2147483647;
			files = (
				516D69642B6E8001008FD1B3 /* Preview Assets.xcassets in Resources */,
				516D69612B6E8001008FD1B3 /* Assets.xcassets in Resources */,
			);
			runOnlyForDeploymentPostprocessing = 0;
		};
		516D69672B6E8001008FD1B3 /* Resources */ = {
			isa = PBXResourcesBuildPhase;
			buildActionMask = 2147483647;
			files = (
			);
			runOnlyForDeploymentPostprocessing = 0;
		};
		516D69712B6E8001008FD1B3 /* Resources */ = {
			isa = PBXResourcesBuildPhase;
			buildActionMask = 2147483647;
			files = (
			);
			runOnlyForDeploymentPostprocessing = 0;
		};
/* End PBXResourcesBuildPhase section */

/* Begin PBXSourcesBuildPhase section */
		516D69552B6E8000008FD1B3 /* Sources */ = {
			isa = PBXSourcesBuildPhase;
			buildActionMask = 2147483647;
			files = (
				516D695F2B6E8000008FD1B3 /* CryptoCoinsView.swift in Sources */,
				516D69892B6EC7D5008FD1B3 /* CoinView.swift in Sources */,
				516D698B2B6EC85C008FD1B3 /* NetworkManager.swift in Sources */,
				516D698F2B6EC9A8008FD1B3 /* CryptoViewModel.swift in Sources */,
				51970C4A2B6F9043000881B4 /* TagsListingView.swift in Sources */,
				516D698D2B6EC890008FD1B3 /* Model.swift in Sources */,
				516D695D2B6E8000008FD1B3 /* CryptoCoinsApp.swift in Sources */,
				51970C4E2B6FC9FE000881B4 /* Extensions.swift in Sources */,
				51970C4C2B6F9427000881B4 /* TagLayout.swift in Sources */,
				516D69872B6EC5EA008FD1B3 /* CoinViewModel.swift in Sources */,
			);
			runOnlyForDeploymentPostprocessing = 0;
		};
		516D69652B6E8001008FD1B3 /* Sources */ = {
			isa = PBXSourcesBuildPhase;
			buildActionMask = 2147483647;
			files = (
				516D696E2B6E8001008FD1B3 /* CrptoCoinsTests.swift in Sources */,
			);
			runOnlyForDeploymentPostprocessing = 0;
		};
		516D696F2B6E8001008FD1B3 /* Sources */ = {
			isa = PBXSourcesBuildPhase;
			buildActionMask = 2147483647;
			files = (
				516D697A2B6E8001008FD1B3 /* CrptoCoinsUITestsLaunchTests.swift in Sources */,
				516D69782B6E8001008FD1B3 /* CrptoCoinsUITests.swift in Sources */,
			);
			runOnlyForDeploymentPostprocessing = 0;
		};
/* End PBXSourcesBuildPhase section */

/* Begin PBXTargetDependency section */
		516D696B2B6E8001008FD1B3 /* PBXTargetDependency */ = {
			isa = PBXTargetDependency;
			target = 516D69582B6E8000008FD1B3 /* CryptoCoins */;
			targetProxy = 516D696A2B6E8001008FD1B3 /* PBXContainerItemProxy */;
		};
		516D69752B6E8001008FD1B3 /* PBXTargetDependency */ = {
			isa = PBXTargetDependency;
			target = 516D69582B6E8000008FD1B3 /* CryptoCoins */;
			targetProxy = 516D69742B6E8001008FD1B3 /* PBXContainerItemProxy */;
		};
/* End PBXTargetDependency section */

/* Begin XCBuildConfiguration section */
		516D697B2B6E8001008FD1B3 /* Debug */ = {
			isa = XCBuildConfiguration;
			buildSettings = {
				ALWAYS_SEARCH_USER_PATHS = NO;
				ASSETCATALOG_COMPILER_GENERATE_SWIFT_ASSET_SYMBOL_EXTENSIONS = YES;
				CLANG_ANALYZER_NONNULL = YES;
				CLANG_ANALYZER_NUMBER_OBJECT_CONVERSION = YES_AGGRESSIVE;
				CLANG_CXX_LANGUAGE_STANDARD = "gnu++20";
				CLANG_ENABLE_MODULES = YES;
				CLANG_ENABLE_OBJC_ARC = YES;
				CLANG_ENABLE_OBJC_WEAK = YES;
				CLANG_WARN_BLOCK_CAPTURE_AUTORELEASING = YES;
				CLANG_WARN_BOOL_CONVERSION = YES;
				CLANG_WARN_COMMA = YES;
				CLANG_WARN_CONSTANT_CONVERSION = YES;
				CLANG_WARN_DEPRECATED_OBJC_IMPLEMENTATIONS = YES;
				CLANG_WARN_DIRECT_OBJC_ISA_USAGE = YES_ERROR;
				CLANG_WARN_DOCUMENTATION_COMMENTS = YES;
				CLANG_WARN_EMPTY_BODY = YES;
				CLANG_WARN_ENUM_CONVERSION = YES;
				CLANG_WARN_INFINITE_RECURSION = YES;
				CLANG_WARN_INT_CONVERSION = YES;
				CLANG_WARN_NON_LITERAL_NULL_CONVERSION = YES;
				CLANG_WARN_OBJC_IMPLICIT_RETAIN_SELF = YES;
				CLANG_WARN_OBJC_LITERAL_CONVERSION = YES;
				CLANG_WARN_OBJC_ROOT_CLASS = YES_ERROR;
				CLANG_WARN_QUOTED_INCLUDE_IN_FRAMEWORK_HEADER = YES;
				CLANG_WARN_RANGE_LOOP_ANALYSIS = YES;
				CLANG_WARN_STRICT_PROTOTYPES = YES;
				CLANG_WARN_SUSPICIOUS_MOVE = YES;
				CLANG_WARN_UNGUARDED_AVAILABILITY = YES_AGGRESSIVE;
				CLANG_WARN_UNREACHABLE_CODE = YES;
				CLANG_WARN__DUPLICATE_METHOD_MATCH = YES;
				COPY_PHASE_STRIP = NO;
				DEBUG_INFORMATION_FORMAT = dwarf;
				ENABLE_STRICT_OBJC_MSGSEND = YES;
				ENABLE_TESTABILITY = YES;
				ENABLE_USER_SCRIPT_SANDBOXING = YES;
				GCC_C_LANGUAGE_STANDARD = gnu17;
				GCC_DYNAMIC_NO_PIC = NO;
				GCC_NO_COMMON_BLOCKS = YES;
				GCC_OPTIMIZATION_LEVEL = 0;
				GCC_PREPROCESSOR_DEFINITIONS = (
					"DEBUG=1",
					"$(inherited)",
				);
				GCC_WARN_64_TO_32_BIT_CONVERSION = YES;
				GCC_WARN_ABOUT_RETURN_TYPE = YES_ERROR;
				GCC_WARN_UNDECLARED_SELECTOR = YES;
				GCC_WARN_UNINITIALIZED_AUTOS = YES_AGGRESSIVE;
				GCC_WARN_UNUSED_FUNCTION = YES;
				GCC_WARN_UNUSED_VARIABLE = YES;
				IPHONEOS_DEPLOYMENT_TARGET = 17.2;
				LOCALIZATION_PREFERS_STRING_CATALOGS = YES;
				MTL_ENABLE_DEBUG_INFO = INCLUDE_SOURCE;
				MTL_FAST_MATH = YES;
				ONLY_ACTIVE_ARCH = YES;
				SDKROOT = iphoneos;
				SWIFT_ACTIVE_COMPILATION_CONDITIONS = "DEBUG $(inherited)";
				SWIFT_OPTIMIZATION_LEVEL = "-Onone";
			};
			name = Debug;
		};
		516D697C2B6E8001008FD1B3 /* Release */ = {
			isa = XCBuildConfiguration;
			buildSettings = {
				ALWAYS_SEARCH_USER_PATHS = NO;
				ASSETCATALOG_COMPILER_GENERATE_SWIFT_ASSET_SYMBOL_EXTENSIONS = YES;
				CLANG_ANALYZER_NONNULL = YES;
				CLANG_ANALYZER_NUMBER_OBJECT_CONVERSION = YES_AGGRESSIVE;
				CLANG_CXX_LANGUAGE_STANDARD = "gnu++20";
				CLANG_ENABLE_MODULES = YES;
				CLANG_ENABLE_OBJC_ARC = YES;
				CLANG_ENABLE_OBJC_WEAK = YES;
				CLANG_WARN_BLOCK_CAPTURE_AUTORELEASING = YES;
				CLANG_WARN_BOOL_CONVERSION = YES;
				CLANG_WARN_COMMA = YES;
				CLANG_WARN_CONSTANT_CONVERSION = YES;
				CLANG_WARN_DEPRECATED_OBJC_IMPLEMENTATIONS = YES;
				CLANG_WARN_DIRECT_OBJC_ISA_USAGE = YES_ERROR;
				CLANG_WARN_DOCUMENTATION_COMMENTS = YES;
				CLANG_WARN_EMPTY_BODY = YES;
				CLANG_WARN_ENUM_CONVERSION = YES;
				CLANG_WARN_INFINITE_RECURSION = YES;
				CLANG_WARN_INT_CONVERSION = YES;
				CLANG_WARN_NON_LITERAL_NULL_CONVERSION = YES;
				CLANG_WARN_OBJC_IMPLICIT_RETAIN_SELF = YES;
				CLANG_WARN_OBJC_LITERAL_CONVERSION = YES;
				CLANG_WARN_OBJC_ROOT_CLASS = YES_ERROR;
				CLANG_WARN_QUOTED_INCLUDE_IN_FRAMEWORK_HEADER = YES;
				CLANG_WARN_RANGE_LOOP_ANALYSIS = YES;
				CLANG_WARN_STRICT_PROTOTYPES = YES;
				CLANG_WARN_SUSPICIOUS_MOVE = YES;
				CLANG_WARN_UNGUARDED_AVAILABILITY = YES_AGGRESSIVE;
				CLANG_WARN_UNREACHABLE_CODE = YES;
				CLANG_WARN__DUPLICATE_METHOD_MATCH = YES;
				COPY_PHASE_STRIP = NO;
				DEBUG_INFORMATION_FORMAT = "dwarf-with-dsym";
				ENABLE_NS_ASSERTIONS = NO;
				ENABLE_STRICT_OBJC_MSGSEND = YES;
				ENABLE_USER_SCRIPT_SANDBOXING = YES;
				GCC_C_LANGUAGE_STANDARD = gnu17;
				GCC_NO_COMMON_BLOCKS = YES;
				GCC_WARN_64_TO_32_BIT_CONVERSION = YES;
				GCC_WARN_ABOUT_RETURN_TYPE = YES_ERROR;
				GCC_WARN_UNDECLARED_SELECTOR = YES;
				GCC_WARN_UNINITIALIZED_AUTOS = YES_AGGRESSIVE;
				GCC_WARN_UNUSED_FUNCTION = YES;
				GCC_WARN_UNUSED_VARIABLE = YES;
				IPHONEOS_DEPLOYMENT_TARGET = 17.2;
				LOCALIZATION_PREFERS_STRING_CATALOGS = YES;
				MTL_ENABLE_DEBUG_INFO = NO;
				MTL_FAST_MATH = YES;
				SDKROOT = iphoneos;
				SWIFT_COMPILATION_MODE = wholemodule;
				VALIDATE_PRODUCT = YES;
			};
			name = Release;
		};
		516D697E2B6E8001008FD1B3 /* Debug */ = {
			isa = XCBuildConfiguration;
			buildSettings = {
				ASSETCATALOG_COMPILER_APPICON_NAME = AppIcon;
				ASSETCATALOG_COMPILER_GLOBAL_ACCENT_COLOR_NAME = AccentColor;
				CODE_SIGN_STYLE = Automatic;
				CURRENT_PROJECT_VERSION = 1;
				DEVELOPMENT_ASSET_PATHS = "\"CrptoCoins/Preview Content\"";
				ENABLE_PREVIEWS = YES;
				GENERATE_INFOPLIST_FILE = YES;
				INFOPLIST_KEY_UIApplicationSceneManifest_Generation = YES;
				INFOPLIST_KEY_UIApplicationSupportsIndirectInputEvents = YES;
				INFOPLIST_KEY_UILaunchScreen_Generation = YES;
				INFOPLIST_KEY_UISupportedInterfaceOrientations_iPad = "UIInterfaceOrientationPortrait UIInterfaceOrientationPortraitUpsideDown UIInterfaceOrientationLandscapeLeft UIInterfaceOrientationLandscapeRight";
				INFOPLIST_KEY_UISupportedInterfaceOrientations_iPhone = "UIInterfaceOrientationPortrait UIInterfaceOrientationLandscapeLeft UIInterfaceOrientationLandscapeRight";
				LD_RUNPATH_SEARCH_PATHS = (
					"$(inherited)",
					"@executable_path/Frameworks",
				);
				MARKETING_VERSION = 1.0;
				PRODUCT_BUNDLE_IDENTIFIER = com.crpto.CrptoCoins;
				PRODUCT_NAME = "$(TARGET_NAME)";
				SWIFT_EMIT_LOC_STRINGS = YES;
				SWIFT_VERSION = 5.0;
				TARGETED_DEVICE_FAMILY = "1,2";
			};
			name = Debug;
		};
		516D697F2B6E8001008FD1B3 /* Release */ = {
			isa = XCBuildConfiguration;
			buildSettings = {
				ASSETCATALOG_COMPILER_APPICON_NAME = AppIcon;
				ASSETCATALOG_COMPILER_GLOBAL_ACCENT_COLOR_NAME = AccentColor;
				CODE_SIGN_STYLE = Automatic;
				CURRENT_PROJECT_VERSION = 1;
				DEVELOPMENT_ASSET_PATHS = "\"CrptoCoins/Preview Content\"";
				ENABLE_PREVIEWS = YES;
				GENERATE_INFOPLIST_FILE = YES;
				INFOPLIST_KEY_UIApplicationSceneManifest_Generation = YES;
				INFOPLIST_KEY_UIApplicationSupportsIndirectInputEvents = YES;
				INFOPLIST_KEY_UILaunchScreen_Generation = YES;
				INFOPLIST_KEY_UISupportedInterfaceOrientations_iPad = "UIInterfaceOrientationPortrait UIInterfaceOrientationPortraitUpsideDown UIInterfaceOrientationLandscapeLeft UIInterfaceOrientationLandscapeRight";
				INFOPLIST_KEY_UISupportedInterfaceOrientations_iPhone = "UIInterfaceOrientationPortrait UIInterfaceOrientationLandscapeLeft UIInterfaceOrientationLandscapeRight";
				LD_RUNPATH_SEARCH_PATHS = (
					"$(inherited)",
					"@executable_path/Frameworks",
				);
				MARKETING_VERSION = 1.0;
				PRODUCT_BUNDLE_IDENTIFIER = com.crpto.CrptoCoins;
				PRODUCT_NAME = "$(TARGET_NAME)";
				SWIFT_EMIT_LOC_STRINGS = YES;
				SWIFT_VERSION = 5.0;
				TARGETED_DEVICE_FAMILY = "1,2";
			};
			name = Release;
		};
		516D69812B6E8001008FD1B3 /* Debug */ = {
			isa = XCBuildConfiguration;
			buildSettings = {
				ALWAYS_EMBED_SWIFT_STANDARD_LIBRARIES = YES;
				BUNDLE_LOADER = "$(TEST_HOST)";
				CODE_SIGN_STYLE = Automatic;
				CURRENT_PROJECT_VERSION = 1;
				GENERATE_INFOPLIST_FILE = YES;
				IPHONEOS_DEPLOYMENT_TARGET = 17.2;
				MARKETING_VERSION = 1.0;
				PRODUCT_BUNDLE_IDENTIFIER = com.crpto.CrptoCoinsTests;
				PRODUCT_NAME = "$(TARGET_NAME)";
				SWIFT_EMIT_LOC_STRINGS = NO;
				SWIFT_VERSION = 5.0;
				TARGETED_DEVICE_FAMILY = "1,2";
				TEST_HOST = "$(BUILT_PRODUCTS_DIR)/CryptoCoins.app/$(BUNDLE_EXECUTABLE_FOLDER_PATH)/CryptoCoins";
			};
			name = Debug;
		};
		516D69822B6E8001008FD1B3 /* Release */ = {
			isa = XCBuildConfiguration;
			buildSettings = {
				ALWAYS_EMBED_SWIFT_STANDARD_LIBRARIES = YES;
				BUNDLE_LOADER = "$(TEST_HOST)";
				CODE_SIGN_STYLE = Automatic;
				CURRENT_PROJECT_VERSION = 1;
				GENERATE_INFOPLIST_FILE = YES;
				IPHONEOS_DEPLOYMENT_TARGET = 17.2;
				MARKETING_VERSION = 1.0;
				PRODUCT_BUNDLE_IDENTIFIER = com.crpto.CrptoCoinsTests;
				PRODUCT_NAME = "$(TARGET_NAME)";
				SWIFT_EMIT_LOC_STRINGS = NO;
				SWIFT_VERSION = 5.0;
				TARGETED_DEVICE_FAMILY = "1,2";
				TEST_HOST = "$(BUILT_PRODUCTS_DIR)/CryptoCoins.app/$(BUNDLE_EXECUTABLE_FOLDER_PATH)/CryptoCoins";
			};
			name = Release;
		};
		516D69842B6E8001008FD1B3 /* Debug */ = {
			isa = XCBuildConfiguration;
			buildSettings = {
				ALWAYS_EMBED_SWIFT_STANDARD_LIBRARIES = YES;
				CODE_SIGN_STYLE = Automatic;
				CURRENT_PROJECT_VERSION = 1;
				GENERATE_INFOPLIST_FILE = YES;
				MARKETING_VERSION = 1.0;
				PRODUCT_BUNDLE_IDENTIFIER = com.crpto.CrptoCoinsUITests;
				PRODUCT_NAME = "$(TARGET_NAME)";
				SWIFT_EMIT_LOC_STRINGS = NO;
				SWIFT_VERSION = 5.0;
				TARGETED_DEVICE_FAMILY = "1,2";
				TEST_TARGET_NAME = CrptoCoins;
			};
			name = Debug;
		};
		516D69852B6E8001008FD1B3 /* Release */ = {
			isa = XCBuildConfiguration;
			buildSettings = {
				ALWAYS_EMBED_SWIFT_STANDARD_LIBRARIES = YES;
				CODE_SIGN_STYLE = Automatic;
				CURRENT_PROJECT_VERSION = 1;
				GENERATE_INFOPLIST_FILE = YES;
				MARKETING_VERSION = 1.0;
				PRODUCT_BUNDLE_IDENTIFIER = com.crpto.CrptoCoinsUITests;
				PRODUCT_NAME = "$(TARGET_NAME)";
				SWIFT_EMIT_LOC_STRINGS = NO;
				SWIFT_VERSION = 5.0;
				TARGETED_DEVICE_FAMILY = "1,2";
				TEST_TARGET_NAME = CrptoCoins;
			};
			name = Release;
		};
/* End XCBuildConfiguration section */

/* Begin XCConfigurationList section */
		516D69542B6E8000008FD1B3 /* Build configuration list for PBXProject "CryptoCoins" */ = {
			isa = XCConfigurationList;
			buildConfigurations = (
				516D697B2B6E8001008FD1B3 /* Debug */,
				516D697C2B6E8001008FD1B3 /* Release */,
			);
			defaultConfigurationIsVisible = 0;
			defaultConfigurationName = Release;
		};
		516D697D2B6E8001008FD1B3 /* Build configuration list for PBXNativeTarget "CryptoCoins" */ = {
			isa = XCConfigurationList;
			buildConfigurations = (
				516D697E2B6E8001008FD1B3 /* Debug */,
				516D697F2B6E8001008FD1B3 /* Release */,
			);
			defaultConfigurationIsVisible = 0;
			defaultConfigurationName = Release;
		};
		516D69802B6E8001008FD1B3 /* Build configuration list for PBXNativeTarget "CryptoCoinsTests" */ = {
			isa = XCConfigurationList;
			buildConfigurations = (
				516D69812B6E8001008FD1B3 /* Debug */,
				516D69822B6E8001008FD1B3 /* Release */,
			);
			defaultConfigurationIsVisible = 0;
			defaultConfigurationName = Release;
		};
		516D69832B6E8001008FD1B3 /* Build configuration list for PBXNativeTarget "CryptoCoinsUITests" */ = {
			isa = XCConfigurationList;
			buildConfigurations = (
				516D69842B6E8001008FD1B3 /* Debug */,
				516D69852B6E8001008FD1B3 /* Release */,
			);
			defaultConfigurationIsVisible = 0;
			defaultConfigurationName = Release;
		};
/* End XCConfigurationList section */
	};
	rootObject = 516D69512B6E8000008FD1B3 /* Project object */;
}
